
Microsoft Visual Studio Solution File, Format Version 12.00
# Visual Studio 15
VisualStudioVersion = 15.0.27004.2005
MinimumVisualStudioVersion = 10.0.40219.1
Project("{9A19103F-16F7-4668-BE54-9A1E7A4F7556}") = "IrresistibleApisCore", "IrresistibleApisCore\IrresistibleApisCore.csproj", "{5534D21E-7250-4E46-963A-62E0C13C5A40}"
EndProject
Project("{FAE04EC0-301F-11D3-BF4B-00C04F79EFBC}") = "IrresistibleApisCore.UnitTests", "IrresistibleApisCore.UnitTests\IrresistibleApisCore.UnitTests.csproj", "{B4D0777C-D526-4082-BF14-BE052FEA36E8}"
EndProject
Global
	GlobalSection(SolutionConfigurationPlatforms) = preSolution
		Debug|Any CPU = Debug|Any CPU
		Release|Any CPU = Release|Any CPU
	EndGlobalSection
	GlobalSection(ProjectConfigurationPlatforms) = postSolution
		{5534D21E-7250-4E46-963A-62E0C13C5A40}.Debug|Any CPU.ActiveCfg = Debug|Any CPU
		{5534D21E-7250-4E46-963A-62E0C13C5A40}.Debug|Any CPU.Build.0 = Debug|Any CPU
		{5534D21E-7250-4E46-963A-62E0C13C5A40}.Release|Any CPU.ActiveCfg = Release|Any CPU
		{5534D21E-7250-4E46-963A-62E0C13C5A40}.Release|Any CPU.Build.0 = Release|Any CPU
		{B4D0777C-D526-4082-BF14-BE052FEA36E8}.Debug|Any CPU.ActiveCfg = Debug|Any CPU
		{B4D0777C-D526-4082-BF14-BE052FEA36E8}.Debug|Any CPU.Build.0 = Debug|Any CPU
		{B4D0777C-D526-4082-BF14-BE052FEA36E8}.Release|Any CPU.ActiveCfg = Release|Any CPU
		{B4D0777C-D526-4082-BF14-BE052FEA36E8}.Release|Any CPU.Build.0 = Release|Any CPU
	EndGlobalSection
	GlobalSection(SolutionProperties) = preSolution
		HideSolutionNode = FALSE
	EndGlobalSection
	GlobalSection(ExtensibilityGlobals) = postSolution
		SolutionGuid = {5460DD49-362C-4667-9DAE-BA3181815B96}
	EndGlobalSection
EndGlobal
